<?xml version="1.0" encoding="UTF-8" standalone="yes" ?>
<CodeBlocks_project_file>
	<FileVersion major="1" minor="6" />
	<Project>
		<Option title="FMI" />
		<Option pch_mode="2" />
		<Option compiler="gcc" />
		<Build>
			<Target title="Debug">
				<Option output="bin/Debug/FMI" prefix_auto="1" extension_auto="1" />
				<Option working_dir="../../EnergyPlus" />
				<Option object_output="obj/Debug/" />
				<Option type="3" />
				<Option compiler="gcc" />
				<Option host_application="/home/jake/git/EnergyPlus/EnergyPlus" />
				<Option run_host_application_in_terminal="1" />
				<Option createDefFile="1" />
				<Option createStaticLib="1" />
				<Compiler>
					<Add option="-std=c++11" />
					<Add option="-Wall" />
					<Add option="-pg" />
					<Add option="-g" />
					<Add option="-Werror" />
					<Add directory="Source" />
				</Compiler>
				<Linker>
					<Add option="-pg" />
					<Add option="-Wl,-z,defs" />
				</Linker>
			</Target>
			<Target title="Release">
				<Option output="bin/Release/FMI" prefix_auto="1" extension_auto="1" />
				<Option object_output="obj/Release/" />
				<Option type="3" />
				<Option compiler="gcc" />
				<Option createDefFile="1" />
				<Option createStaticLib="1" />
				<Compiler>
					<Add option="-O2" />
					<Add directory="Source" />
				</Compiler>
				<Linker>
					<Add option="-s" />
				</Linker>
			</Target>
		</Build>
		<Compiler>
			<Add option="-std=c++11" />
			<Add option="-Wall" />
			<Add option="-fPIC" />
			<Add directory="../Boost/Boost-Source" />
		</Compiler>
		<Linker>
			<Add directory="../Boost/Boost-Source/stage/lib" />
		</Linker>
		<ExtraCommands>
			<Add after="cp ./bin/Debug/libFMI.so ../../EnergyPlus/tmp-fmus/agentFMU.fmu_FMI/binaries/linux64/FMI.so" />
			<Mode after="always" />
		</ExtraCommands>
		<Unit filename="Source/Agent.cpp" />
		<Unit filename="Source/Agent.h" />
		<Unit filename="Source/Agent_Action.cpp" />
		<Unit filename="Source/Agent_Action.h" />
		<Unit filename="Source/Agent_Action_Heat_Gains.cpp" />
		<Unit filename="Source/Agent_Action_Heat_Gains.h" />
		<Unit filename="Source/Agent_Action_Lights.cpp" />
		<Unit filename="Source/Agent_Action_Lights.h" />
		<Unit filename="Source/Agent_Action_Shades.cpp" />
		<Unit filename="Source/Agent_Action_Shades.h" />
		<Unit filename="Source/Agent_Action_Window.cpp" />
		<Unit filename="Source/Agent_Action_Window.h" />
		<Unit filename="Source/EP_IDFObject.cpp" />
		<Unit filename="Source/EP_IDFObject.h" />
		<Unit filename="Source/EP_ReadIDF.cpp" />
		<Unit filename="Source/EP_ReadIDF.h" />
		<Unit filename="Source/Model_Activity.cpp" />
		<Unit filename="Source/Model_Activity.h" />
		<Unit filename="Source/Model_Agents.cpp" />
		<Unit filename="Source/Model_Agents.h" />
		<Unit filename="Source/Model_EnergyPlus.cpp" />
		<Unit filename="Source/Model_EnergyPlus.h" />
		<Unit filename="Source/Model_ExternalShading.cpp" />
		<Unit filename="Source/Model_ExternalShading.h" />
		<Unit filename="Source/Model_HeatGains.cpp" />
		<Unit filename="Source/Model_HeatGains.h" />
		<Unit filename="Source/Model_Lights.cpp" />
		<Unit filename="Source/Model_Lights.h" />
		<Unit filename="Source/Model_Presence.cpp" />
		<Unit filename="Source/Model_Presence.h" />
		<Unit filename="Source/Model_RandomWeibull.cpp" />
		<Unit filename="Source/Model_RandomWeibull.h" />
		<Unit filename="Source/Model_Windows.cpp" />
		<Unit filename="Source/Model_Windows.h" />
		<Unit filename="Source/RLearning.cpp" />
		<Unit filename="Source/RLearning.h" />
		<Unit filename="Source/Simulation.cpp" />
		<Unit filename="Source/Simulation.h" />
		<Unit filename="Source/SimulationConfig.cpp" />
		<Unit filename="Source/SimulationConfig.h" />
		<Unit filename="Source/State.cpp" />
		<Unit filename="Source/State.h" />
		<Unit filename="Source/StateMachine.cpp" />
		<Unit filename="Source/StateMachine.h" />
		<Unit filename="Source/State_Audio_Visual.cpp" />
		<Unit filename="Source/State_Audio_Visual.h" />
		<Unit filename="Source/State_Cleaning.cpp" />
		<Unit filename="Source/State_Cleaning.h" />
		<Unit filename="Source/State_Cooking.cpp" />
		<Unit filename="Source/State_Cooking.h" />
		<Unit filename="Source/State_IT.cpp" />
		<Unit filename="Source/State_IT.h" />
		<Unit filename="Source/State_Metabolic.cpp" />
		<Unit filename="Source/State_Metabolic.h" />
		<Unit filename="Source/State_Out.cpp" />
		<Unit filename="Source/State_Out.h" />
		<Unit filename="Source/State_Passive.cpp" />
		<Unit filename="Source/State_Passive.h" />
		<Unit filename="Source/State_Present.cpp" />
		<Unit filename="Source/State_Present.h" />
		<Unit filename="Source/State_Sleep.cpp" />
		<Unit filename="Source/State_Sleep.h" />
		<Unit filename="Source/State_Washing.cpp" />
		<Unit filename="Source/State_Washing.h" />
		<Unit filename="Source/State_Washing_Appliance.cpp" />
		<Unit filename="Source/State_Washing_Appliance.h" />
		<Unit filename="Source/Utility.cpp" />
		<Unit filename="Source/Utility.h" />
		<Unit filename="Source/VariableStore.cpp" />
		<Unit filename="Source/VariableStore.h" />
		<Unit filename="Source/Zone.cpp" />
		<Unit filename="Source/Zone.h" />
		<Unit filename="Source/fmiFunctions.cpp" />
		<Unit filename="Source/fmiFunctions.h" />
		<Unit filename="Source/fmiPlatformTypes.h" />
		<Unit filename="Source/fmuTemplate.cpp" />
		<Unit filename="Source/fmuTemplate.h" />
		<Extensions>
			<code_completion />
			<debugger />
			<envvars />
		</Extensions>
	</Project>
</CodeBlocks_project_file>
