<?xml version="1.0" encoding="UTF-8" standalone="yes" ?>
<CodeBlocks_project_file>
	<FileVersion major="1" minor="6" />
	<Project>
		<Option title="tests" />
		<Option makefile_is_custom="1" />
		<Option execution_dir="/home/jake/git/masplatform/No-MASS/FMU/" />
		<Option pch_mode="2" />
		<Option compiler="gcc" />
		<Build>
			<Target title="Debug">
				<Option output="../runUnitTests" prefix_auto="1" extension_auto="1" />
				<Option working_dir="../" />
				<Option object_output="obj/Debug/" />
				<Option type="1" />
				<Option compiler="gcc" />
				<Compiler>
					<Add option="-g" />
				</Compiler>
				<MakeCommands>
					<Build command="$make -f $makefile" />
					<CompileFile command="$make -f $makefile $file" />
					<Clean command="$make -f $makefile clean" />
					<DistClean command="$make -f $makefile distclean$target" />
					<AskRebuildNeeded command="$make -q -f $makefile" />
					<SilentBuild command="$make -f $makefile &gt; $(CMD_NULL)" />
				</MakeCommands>
			</Target>
		</Build>
		<Compiler>
			<Add option="-Wall" />
			<Add option="-fexceptions" />
		</Compiler>
		<Unit filename="../Source/Agent.cpp" />
		<Unit filename="../Source/Agent.h" />
		<Unit filename="../Source/Agent_Action.cpp" />
		<Unit filename="../Source/Agent_Action.h" />
		<Unit filename="../Source/Agent_Action_Heat_Gains.cpp" />
		<Unit filename="../Source/Agent_Action_Heat_Gains.h" />
		<Unit filename="../Source/Agent_Action_Lights.cpp" />
		<Unit filename="../Source/Agent_Action_Lights.h" />
		<Unit filename="../Source/Agent_Action_Shades.cpp" />
		<Unit filename="../Source/Agent_Action_Shades.h" />
		<Unit filename="../Source/Agent_Action_Window.cpp" />
		<Unit filename="../Source/Agent_Action_Window.h" />
		<Unit filename="../Source/DataStore.cpp" />
		<Unit filename="../Source/DataStore.h" />
		<Unit filename="../Source/EP_IDFObject.cpp" />
		<Unit filename="../Source/EP_IDFObject.h" />
		<Unit filename="../Source/EP_ReadIDF.cpp" />
		<Unit filename="../Source/EP_ReadIDF.h" />
		<Unit filename="../Source/Model_Activity.cpp" />
		<Unit filename="../Source/Model_Activity.h" />
		<Unit filename="../Source/Model_Agents.cpp" />
		<Unit filename="../Source/Model_Agents.h" />
		<Unit filename="../Source/Model_EnergyPlus.cpp" />
		<Unit filename="../Source/Model_EnergyPlus.h" />
		<Unit filename="../Source/Model_ExternalShading.cpp" />
		<Unit filename="../Source/Model_ExternalShading.h" />
		<Unit filename="../Source/Model_HeatGains.cpp" />
		<Unit filename="../Source/Model_HeatGains.h" />
		<Unit filename="../Source/Model_Lights.cpp" />
		<Unit filename="../Source/Model_Lights.h" />
		<Unit filename="../Source/Model_Presence.cpp" />
		<Unit filename="../Source/Model_Presence.h" />
		<Unit filename="../Source/Model_RandomWeibull.cpp" />
		<Unit filename="../Source/Model_RandomWeibull.h" />
		<Unit filename="../Source/Model_Windows.cpp" />
		<Unit filename="../Source/Model_Windows.h" />
		<Unit filename="../Source/Simulation.cpp" />
		<Unit filename="../Source/Simulation.h" />
		<Unit filename="../Source/SimulationConfig.cpp" />
		<Unit filename="../Source/SimulationConfig.h" />
		<Unit filename="../Source/State.cpp" />
		<Unit filename="../Source/State.h" />
		<Unit filename="../Source/StateMachine.cpp" />
		<Unit filename="../Source/StateMachine.h" />
		<Unit filename="../Source/State_Audio_Visual.cpp" />
		<Unit filename="../Source/State_Audio_Visual.h" />
		<Unit filename="../Source/State_Cleaning.cpp" />
		<Unit filename="../Source/State_Cleaning.h" />
		<Unit filename="../Source/State_Cooking.cpp" />
		<Unit filename="../Source/State_Cooking.h" />
		<Unit filename="../Source/State_IT.cpp" />
		<Unit filename="../Source/State_IT.h" />
		<Unit filename="../Source/State_Metabolic.cpp" />
		<Unit filename="../Source/State_Metabolic.h" />
		<Unit filename="../Source/State_Out.cpp" />
		<Unit filename="../Source/State_Out.h" />
		<Unit filename="../Source/State_Passive.cpp" />
		<Unit filename="../Source/State_Passive.h" />
		<Unit filename="../Source/State_Present.cpp" />
		<Unit filename="../Source/State_Present.h" />
		<Unit filename="../Source/State_Sleep.cpp" />
		<Unit filename="../Source/State_Sleep.h" />
		<Unit filename="../Source/State_Washing.cpp" />
		<Unit filename="../Source/State_Washing.h" />
		<Unit filename="../Source/State_Washing_Appliance.cpp" />
		<Unit filename="../Source/State_Washing_Appliance.h" />
		<Unit filename="../Source/Utility.cpp" />
		<Unit filename="../Source/Utility.h" />
		<Unit filename="../Source/Zone.cpp" />
		<Unit filename="../Source/Zone.h" />
		<Unit filename="../Source/fmiFunctions.cpp" />
		<Unit filename="../Source/fmiFunctions.h" />
		<Unit filename="../Source/fmiPlatformTypes.h" />
		<Unit filename="../Source/fmuTemplate.cpp" />
		<Unit filename="../Source/fmuTemplate.h" />
		<Unit filename="source/unittest_Model_Activity.cc" />
		<Unit filename="source/unittest_SimulationConfig.cc" />
		<Extensions>
			<code_completion />
			<debugger />
		</Extensions>
	</Project>
</CodeBlocks_project_file>
